// !$*UTF8*$!
{
	archiveVersion = 1;
	classes = {
	};
	objectVersion = 56;
	objects = {

/* Begin PBXBuildFile section */
		CC541F572AEE8840004053B4 /* Router.swift in Sources */ = {isa = PBXBuildFile; fileRef = CC541F562AEE8840004053B4 /* Router.swift */; };
		CC541F5C2AEEA220004053B4 /* HomeView.swift in Sources */ = {isa = PBXBuildFile; fileRef = CC541F5B2AEEA220004053B4 /* HomeView.swift */; };
		CC541F5E2AEEA34B004053B4 /* DetailsView.swift in Sources */ = {isa = PBXBuildFile; fileRef = CC541F5D2AEEA34B004053B4 /* DetailsView.swift */; };
		CC541F602AEEA3A6004053B4 /* ProfileView.swift in Sources */ = {isa = PBXBuildFile; fileRef = CC541F5F2AEEA3A6004053B4 /* ProfileView.swift */; };
		CCA94D8B2AECC56700D6F1C2 /* oneFlyApp.swift in Sources */ = {isa = PBXBuildFile; fileRef = CCA94D8A2AECC56700D6F1C2 /* oneFlyApp.swift */; };
		CCA94D8F2AECC56900D6F1C2 /* Assets.xcassets in Resources */ = {isa = PBXBuildFile; fileRef = CCA94D8E2AECC56900D6F1C2 /* Assets.xcassets */; };
		CCA94D922AECC56900D6F1C2 /* Preview Assets.xcassets in Resources */ = {isa = PBXBuildFile; fileRef = CCA94D912AECC56900D6F1C2 /* Preview Assets.xcassets */; };
/* End PBXBuildFile section */

/* Begin PBXFileReference section */
		CC541F562AEE8840004053B4 /* Router.swift */ = {isa = PBXFileReference; lastKnownFileType = sourcecode.swift; path = Router.swift; sourceTree = "<group>"; };
		CC541F5B2AEEA220004053B4 /* HomeView.swift */ = {isa = PBXFileReference; lastKnownFileType = sourcecode.swift; path = HomeView.swift; sourceTree = "<group>"; };
		CC541F5D2AEEA34B004053B4 /* DetailsView.swift */ = {isa = PBXFileReference; lastKnownFileType = sourcecode.swift; path = DetailsView.swift; sourceTree = "<group>"; };
		CC541F5F2AEEA3A6004053B4 /* ProfileView.swift */ = {isa = PBXFileReference; lastKnownFileType = sourcecode.swift; path = ProfileView.swift; sourceTree = "<group>"; };
		CCA94D872AECC56700D6F1C2 /* oneFly.app */ = {isa = PBXFileReference; explicitFileType = wrapper.application; includeInIndex = 0; path = oneFly.app; sourceTree = BUILT_PRODUCTS_DIR; };
		CCA94D8A2AECC56700D6F1C2 /* oneFlyApp.swift */ = {isa = PBXFileReference; lastKnownFileType = sourcecode.swift; path = oneFlyApp.swift; sourceTree = "<group>"; };
		CCA94D8E2AECC56900D6F1C2 /* Assets.xcassets */ = {isa = PBXFileReference; lastKnownFileType = folder.assetcatalog; path = Assets.xcassets; sourceTree = "<group>"; };
		CCA94D912AECC56900D6F1C2 /* Preview Assets.xcassets */ = {isa = PBXFileReference; lastKnownFileType = folder.assetcatalog; path = "Preview Assets.xcassets"; sourceTree = "<group>"; };
/* End PBXFileReference section */

/* Begin PBXFrameworksBuildPhase section */
		CCA94D842AECC56700D6F1C2 /* Frameworks */ = {
			isa = PBXFrameworksBuildPhase;
			buildActionMask = 2147483647;
			files = (
			);
			runOnlyForDeploymentPostprocessing = 0;
		};
/* End PBXFrameworksBuildPhase section */

/* Begin PBXGroup section */
		CC541F532AEE880C004053B4 /* shared */ = {
			isa = PBXGroup;
			children = (
				CC541F552AEE8826004053B4 /* router */,
				CC541F542AEE8818004053B4 /* factory */,
			);
			path = shared;
			sourceTree = "<group>";
		};
		CC541F542AEE8818004053B4 /* factory */ = {
			isa = PBXGroup;
			children = (
			);
			path = factory;
			sourceTree = "<group>";
		};
		CC541F552AEE8826004053B4 /* router */ = {
			isa = PBXGroup;
			children = (
				CC541F562AEE8840004053B4 /* Router.swift */,
			);
			path = router;
			sourceTree = "<group>";
		};
		CC541F582AEEA1F3004053B4 /* modules */ = {
			isa = PBXGroup;
			children = (
				CC541F592AEEA1FC004053B4 /* New Group */,
			);
			path = modules;
			sourceTree = "<group>";
		};
		CC541F592AEEA1FC004053B4 /* New Group */ = {
			isa = PBXGroup;
			children = (
			);
			path = "New Group";
			sourceTree = "<group>";
		};
		CC541F5A2AEEA20E004053B4 /* views */ = {
			isa = PBXGroup;
			children = (
				CC541F5B2AEEA220004053B4 /* HomeView.swift */,
				CC541F5D2AEEA34B004053B4 /* DetailsView.swift */,
				CC541F5F2AEEA3A6004053B4 /* ProfileView.swift */,
			);
			path = views;
			sourceTree = "<group>";
		};
		CCA94D7E2AECC56700D6F1C2 = {
			isa = PBXGroup;
			children = (
				CCA94D892AECC56700D6F1C2 /* oneFly */,
				CCA94D882AECC56700D6F1C2 /* Products */,
			);
			sourceTree = "<group>";
		};
		CCA94D882AECC56700D6F1C2 /* Products */ = {
			isa = PBXGroup;
			children = (
				CCA94D872AECC56700D6F1C2 /* oneFly.app */,
			);
			name = Products;
			sourceTree = "<group>";
		};
		CCA94D892AECC56700D6F1C2 /* oneFly */ = {
			isa = PBXGroup;
			children = (
				CC541F5A2AEEA20E004053B4 /* views */,
				CC541F582AEEA1F3004053B4 /* modules */,
				CC541F532AEE880C004053B4 /* shared */,
				CCA94D8A2AECC56700D6F1C2 /* oneFlyApp.swift */,
				CCA94D8E2AECC56900D6F1C2 /* Assets.xcassets */,
				CCA94D902AECC56900D6F1C2 /* Preview Content */,
			);
			path = oneFly;
			sourceTree = "<group>";
		};
		CCA94D902AECC56900D6F1C2 /* Preview Content */ = {
			isa = PBXGroup;
			children = (
				CCA94D912AECC56900D6F1C2 /* Preview Assets.xcassets */,
			);
			path = "Preview Content";
			sourceTree = "<group>";
		};
/* End PBXGroup section */

/* Begin PBXNativeTarget section */
		CCA94D862AECC56700D6F1C2 /* oneFly */ = {
			isa = PBXNativeTarget;
			buildConfigurationList = CCA94D952AECC56900D6F1C2 /* Build configuration list for PBXNativeTarget "oneFly" */;
			buildPhases = (
				CCA94D832AECC56700D6F1C2 /* Sources */,
				CCA94D842AECC56700D6F1C2 /* Frameworks */,
				CCA94D852AECC56700D6F1C2 /* Resources */,
			);
			buildRules = (
			);
			dependencies = (
			);
			name = oneFly;
			productName = oneFly;
			productReference = CCA94D872AECC56700D6F1C2 /* oneFly.app */;
			productType = "com.apple.product-type.application";
		};
/* End PBXNativeTarget section */

/* Begin PBXProject section */
		CCA94D7F2AECC56700D6F1C2 /* Project object */ = {
			isa = PBXProject;
			attributes = {
				BuildIndependentTargetsInParallel = 1;
				LastSwiftUpdateCheck = 1500;
				LastUpgradeCheck = 1500;
				TargetAttributes = {
					CCA94D862AECC56700D6F1C2 = {
						CreatedOnToolsVersion = 15.0.1;
					};
				};
			};
			buildConfigurationList = CCA94D822AECC56700D6F1C2 /* Build configuration list for PBXProject "oneFly" */;
			compatibilityVersion = "Xcode 14.0";
			developmentRegion = en;
			hasScannedForEncodings = 0;
			knownRegions = (
				en,
				Base,
			);
			mainGroup = CCA94D7E2AECC56700D6F1C2;
			productRefGroup = CCA94D882AECC56700D6F1C2 /* Products */;
			projectDirPath = "";
			projectRoot = "";
			targets = (
				CCA94D862AECC56700D6F1C2 /* oneFly */,
			);
		};
/* End PBXProject section */

/* Begin PBXResourcesBuildPhase section */
		CCA94D852AECC56700D6F1C2 /* Resources */ = {
			isa = PBXResourcesBuildPhase;
			buildActionMask = 2147483647;
			files = (
				CCA94D922AECC56900D6F1C2 /* Preview Assets.xcassets in Resources */,
				CCA94D8F2AECC56900D6F1C2 /* Assets.xcassets in Resources */,
			);
			runOnlyForDeploymentPostprocessing = 0;
		};
/* End PBXResourcesBuildPhase section */

/* Begin PBXSourcesBuildPhase section */
		CCA94D832AECC56700D6F1C2 /* Sources */ = {
			isa = PBXSourcesBuildPhase;
			buildActionMask = 2147483647;
			files = (
				CC541F5C2AEEA220004053B4 /* HomeView.swift in Sources */,
				CC541F5E2AEEA34B004053B4 /* DetailsView.swift in Sources */,
				CC541F602AEEA3A6004053B4 /* ProfileView.swift in Sources */,
				CC541F572AEE8840004053B4 /* Router.swift in Sources */,
				CCA94D8B2AECC56700D6F1C2 /* oneFlyApp.swift in Sources */,
			);
			runOnlyForDeploymentPostprocessing = 0;
		};
/* End PBXSourcesBuildPhase section */

/* Begin XCBuildConfiguration section */
		CCA94D932AECC56900D6F1C2 /* Debug */ = {
			isa = XCBuildConfiguration;
			buildSettings = {
				ALWAYS_SEARCH_USER_PATHS = NO;
				ASSETCATALOG_COMPILER_GENERATE_SWIFT_ASSET_SYMBOL_EXTENSIONS = YES;
				CLANG_ANALYZER_NONNULL = YES;
				CLANG_ANALYZER_NUMBER_OBJECT_CONVERSION = YES_AGGRESSIVE;
				CLANG_CXX_LANGUAGE_STANDARD = "gnu++20";
				CLANG_ENABLE_MODULES = YES;
				CLANG_ENABLE_OBJC_ARC = YES;
				CLANG_ENABLE_OBJC_WEAK = YES;
				CLANG_WARN_BLOCK_CAPTURE_AUTORELEASING = YES;
				CLANG_WARN_BOOL_CONVERSION = YES;
				CLANG_WARN_COMMA = YES;
				CLANG_WARN_CONSTANT_CONVERSION = YES;
				CLANG_WARN_DEPRECATED_OBJC_IMPLEMENTATIONS = YES;
				CLANG_WARN_DIRECT_OBJC_ISA_USAGE = YES_ERROR;
				CLANG_WARN_DOCUMENTATION_COMMENTS = YES;
				CLANG_WARN_EMPTY_BODY = YES;
				CLANG_WARN_ENUM_CONVERSION = YES;
				CLANG_WARN_INFINITE_RECURSION = YES;
				CLANG_WARN_INT_CONVERSION = YES;
				CLANG_WARN_NON_LITERAL_NULL_CONVERSION = YES;
				CLANG_WARN_OBJC_IMPLICIT_RETAIN_SELF = YES;
				CLANG_WARN_OBJC_LITERAL_CONVERSION = YES;
				CLANG_WARN_OBJC_ROOT_CLASS = YES_ERROR;
				CLANG_WARN_QUOTED_INCLUDE_IN_FRAMEWORK_HEADER = YES;
				CLANG_WARN_RANGE_LOOP_ANALYSIS = YES;
				CLANG_WARN_STRICT_PROTOTYPES = YES;
				CLANG_WARN_SUSPICIOUS_MOVE = YES;
				CLANG_WARN_UNGUARDED_AVAILABILITY = YES_AGGRESSIVE;
				CLANG_WARN_UNREACHABLE_CODE = YES;
				CLANG_WARN__DUPLICATE_METHOD_MATCH = YES;
				COPY_PHASE_STRIP = NO;
				DEBUG_INFORMATION_FORMAT = dwarf;
				ENABLE_STRICT_OBJC_MSGSEND = YES;
				ENABLE_TESTABILITY = YES;
				ENABLE_USER_SCRIPT_SANDBOXING = YES;
				GCC_C_LANGUAGE_STANDARD = gnu17;
				GCC_DYNAMIC_NO_PIC = NO;
				GCC_NO_COMMON_BLOCKS = YES;
				GCC_OPTIMIZATION_LEVEL = 0;
				GCC_PREPROCESSOR_DEFINITIONS = (
					"DEBUG=1",
					"$(inherited)",
				);
				GCC_WARN_64_TO_32_BIT_CONVERSION = YES;
				GCC_WARN_ABOUT_RETURN_TYPE = YES_ERROR;
				GCC_WARN_UNDECLARED_SELECTOR = YES;
				GCC_WARN_UNINITIALIZED_AUTOS = YES_AGGRESSIVE;
				GCC_WARN_UNUSED_FUNCTION = YES;
				GCC_WARN_UNUSED_VARIABLE = YES;
				IPHONEOS_DEPLOYMENT_TARGET = 17.0;
				LOCALIZATION_PREFERS_STRING_CATALOGS = YES;
				MTL_ENABLE_DEBUG_INFO = INCLUDE_SOURCE;
				MTL_FAST_MATH = YES;
				ONLY_ACTIVE_ARCH = YES;
				SDKROOT = iphoneos;
				SWIFT_ACTIVE_COMPILATION_CONDITIONS = "DEBUG $(inherited)";
				SWIFT_OPTIMIZATION_LEVEL = "-Onone";
			};
			name = Debug;
		};
		CCA94D942AECC56900D6F1C2 /* Release */ = {
			isa = XCBuildConfiguration;
			buildSettings = {
				ALWAYS_SEARCH_USER_PATHS = NO;
				ASSETCATALOG_COMPILER_GENERATE_SWIFT_ASSET_SYMBOL_EXTENSIONS = YES;
				CLANG_ANALYZER_NONNULL = YES;
				CLANG_ANALYZER_NUMBER_OBJECT_CONVERSION = YES_AGGRESSIVE;
				CLANG_CXX_LANGUAGE_STANDARD = "gnu++20";
				CLANG_ENABLE_MODULES = YES;
				CLANG_ENABLE_OBJC_ARC = YES;
				CLANG_ENABLE_OBJC_WEAK = YES;
				CLANG_WARN_BLOCK_CAPTURE_AUTORELEASING = YES;
				CLANG_WARN_BOOL_CONVERSION = YES;
				CLANG_WARN_COMMA = YES;
				CLANG_WARN_CONSTANT_CONVERSION = YES;
				CLANG_WARN_DEPRECATED_OBJC_IMPLEMENTATIONS = YES;
				CLANG_WARN_DIRECT_OBJC_ISA_USAGE = YES_ERROR;
				CLANG_WARN_DOCUMENTATION_COMMENTS = YES;
				CLANG_WARN_EMPTY_BODY = YES;
				CLANG_WARN_ENUM_CONVERSION = YES;
				CLANG_WARN_INFINITE_RECURSION = YES;
				CLANG_WARN_INT_CONVERSION = YES;
				CLANG_WARN_NON_LITERAL_NULL_CONVERSION = YES;
				CLANG_WARN_OBJC_IMPLICIT_RETAIN_SELF = YES;
				CLANG_WARN_OBJC_LITERAL_CONVERSION = YES;
				CLANG_WARN_OBJC_ROOT_CLASS = YES_ERROR;
				CLANG_WARN_QUOTED_INCLUDE_IN_FRAMEWORK_HEADER = YES;
				CLANG_WARN_RANGE_LOOP_ANALYSIS = YES;
				CLANG_WARN_STRICT_PROTOTYPES = YES;
				CLANG_WARN_SUSPICIOUS_MOVE = YES;
				CLANG_WARN_UNGUARDED_AVAILABILITY = YES_AGGRESSIVE;
				CLANG_WARN_UNREACHABLE_CODE = YES;
				CLANG_WARN__DUPLICATE_METHOD_MATCH = YES;
				COPY_PHASE_STRIP = NO;
				DEBUG_INFORMATION_FORMAT = "dwarf-with-dsym";
				ENABLE_NS_ASSERTIONS = NO;
				ENABLE_STRICT_OBJC_MSGSEND = YES;
				ENABLE_USER_SCRIPT_SANDBOXING = YES;
				GCC_C_LANGUAGE_STANDARD = gnu17;
				GCC_NO_COMMON_BLOCKS = YES;
				GCC_WARN_64_TO_32_BIT_CONVERSION = YES;
				GCC_WARN_ABOUT_RETURN_TYPE = YES_ERROR;
				GCC_WARN_UNDECLARED_SELECTOR = YES;
				GCC_WARN_UNINITIALIZED_AUTOS = YES_AGGRESSIVE;
				GCC_WARN_UNUSED_FUNCTION = YES;
				GCC_WARN_UNUSED_VARIABLE = YES;
				IPHONEOS_DEPLOYMENT_TARGET = 17.0;
				LOCALIZATION_PREFERS_STRING_CATALOGS = YES;
				MTL_ENABLE_DEBUG_INFO = NO;
				MTL_FAST_MATH = YES;
				SDKROOT = iphoneos;
				SWIFT_COMPILATION_MODE = wholemodule;
				VALIDATE_PRODUCT = YES;
			};
			name = Release;
		};
		CCA94D962AECC56900D6F1C2 /* Debug */ = {
			isa = XCBuildConfiguration;
			buildSettings = {
				ASSETCATALOG_COMPILER_APPICON_NAME = AppIcon;
				ASSETCATALOG_COMPILER_GLOBAL_ACCENT_COLOR_NAME = AccentColor;
				CODE_SIGN_STYLE = Automatic;
				CURRENT_PROJECT_VERSION = 1;
				DEVELOPMENT_ASSET_PATHS = "\"oneFly/Preview Content\"";
				ENABLE_PREVIEWS = YES;
				GENERATE_INFOPLIST_FILE = YES;
				INFOPLIST_KEY_UIApplicationSceneManifest_Generation = YES;
				INFOPLIST_KEY_UIApplicationSupportsIndirectInputEvents = YES;
				INFOPLIST_KEY_UILaunchScreen_Generation = YES;
				INFOPLIST_KEY_UISupportedInterfaceOrientations_iPad = "UIInterfaceOrientationPortrait UIInterfaceOrientationPortraitUpsideDown UIInterfaceOrientationLandscapeLeft UIInterfaceOrientationLandscapeRight";
				INFOPLIST_KEY_UISupportedInterfaceOrientations_iPhone = "UIInterfaceOrientationPortrait UIInterfaceOrientationLandscapeLeft UIInterfaceOrientationLandscapeRight";
				LD_RUNPATH_SEARCH_PATHS = (
					"$(inherited)",
					"@executable_path/Frameworks",
				);
				MARKETING_VERSION = 1.0;
				PRODUCT_BUNDLE_IDENTIFIER = notrew.oneFly;
				PRODUCT_NAME = "$(TARGET_NAME)";
				SWIFT_EMIT_LOC_STRINGS = YES;
				SWIFT_VERSION = 5.0;
				TARGETED_DEVICE_FAMILY = "1,2";
			};
			name = Debug;
		};
		CCA94D972AECC56900D6F1C2 /* Release */ = {
			isa = XCBuildConfiguration;
			buildSettings = {
				ASSETCATALOG_COMPILER_APPICON_NAME = AppIcon;
				ASSETCATALOG_COMPILER_GLOBAL_ACCENT_COLOR_NAME = AccentColor;
				CODE_SIGN_STYLE = Automatic;
				CURRENT_PROJECT_VERSION = 1;
				DEVELOPMENT_ASSET_PATHS = "\"oneFly/Preview Content\"";
				ENABLE_PREVIEWS = YES;
				GENERATE_INFOPLIST_FILE = YES;
				INFOPLIST_KEY_UIApplicationSceneManifest_Generation = YES;
				INFOPLIST_KEY_UIApplicationSupportsIndirectInputEvents = YES;
				INFOPLIST_KEY_UILaunchScreen_Generation = YES;
				INFOPLIST_KEY_UISupportedInterfaceOrientations_iPad = "UIInterfaceOrientationPortrait UIInterfaceOrientationPortraitUpsideDown UIInterfaceOrientationLandscapeLeft UIInterfaceOrientationLandscapeRight";
				INFOPLIST_KEY_UISupportedInterfaceOrientations_iPhone = "UIInterfaceOrientationPortrait UIInterfaceOrientationLandscapeLeft UIInterfaceOrientationLandscapeRight";
				LD_RUNPATH_SEARCH_PATHS = (
					"$(inherited)",
					"@executable_path/Frameworks",
				);
				MARKETING_VERSION = 1.0;
				PRODUCT_BUNDLE_IDENTIFIER = notrew.oneFly;
				PRODUCT_NAME = "$(TARGET_NAME)";
				SWIFT_EMIT_LOC_STRINGS = YES;
				SWIFT_VERSION = 5.0;
				TARGETED_DEVICE_FAMILY = "1,2";
			};
			name = Release;
		};
/* End XCBuildConfiguration section */

/* Begin XCConfigurationList section */
		CCA94D822AECC56700D6F1C2 /* Build configuration list for PBXProject "oneFly" */ = {
			isa = XCConfigurationList;
			buildConfigurations = (
				CCA94D932AECC56900D6F1C2 /* Debug */,
				CCA94D942AECC56900D6F1C2 /* Release */,
			);
			defaultConfigurationIsVisible = 0;
			defaultConfigurationName = Release;
		};
		CCA94D952AECC56900D6F1C2 /* Build configuration list for PBXNativeTarget "oneFly" */ = {
			isa = XCConfigurationList;
			buildConfigurations = (
				CCA94D962AECC56900D6F1C2 /* Debug */,
				CCA94D972AECC56900D6F1C2 /* Release */,
			);
			defaultConfigurationIsVisible = 0;
			defaultConfigurationName = Release;
		};
/* End XCConfigurationList section */
	};
	rootObject = CCA94D7F2AECC56700D6F1C2 /* Project object */;
}
